{
  "version": "3",
  "packages": {
    "specifiers": {
      "jsr:@std/assert@^0.219.1": "jsr:@std/assert@0.219.1",
      "jsr:@std/datetime@^0.219.1": "jsr:@std/datetime@0.219.1",
      "jsr:@std/dotenv@^0.219.1": "jsr:@std/dotenv@0.219.1",
      "jsr:@std/fmt@^0.219.1": "jsr:@std/fmt@0.219.1",
      "jsr:@std/http@^0.219.1": "jsr:@std/http@0.219.1",
      "npm:@twind/core@1.1.3": "npm:@twind/core@1.1.3",
      "npm:@twind/preset-tailwind@1.1.4": "npm:@twind/preset-tailwind@1.1.4_@twind+core@1.1.3",
      "npm:dayjs@1.11.10": "npm:dayjs@1.11.10",
      "npm:hono@3.9.0": "npm:hono@3.9.0",
      "npm:preact-render-to-string@6.2.2": "npm:preact-render-to-string@6.2.2_preact@10.18.1",
      "npm:preact@10.18.1": "npm:preact@10.18.1"
    },
    "jsr": {
      "@std/assert@0.219.1": {
        "integrity": "e76c2a1799a78f0f4db7de04bdc9b908a7a4b821bb65eda0285885297d4fb8af",
        "dependencies": [
          "jsr:@std/fmt@^0.219.1"
        ]
      },
      "@std/datetime@0.219.1": {
        "integrity": "dd83b1344a5f095ca93a6818489f007c56757354e6203cd80c3f7c5043625bde"
      },
      "@std/dotenv@0.219.1": {
        "integrity": "061a8d284c85ac6f47ce6df7b90f950ae3f89de61e94cf4523cc4a1ba5175050"
      },
      "@std/fmt@0.219.1": {
        "integrity": "2432152e927df249a207177aa048a6d9465956ea0047653ee6abd4f514db504f"
      },
      "@std/http@0.219.1": {
        "integrity": "444b9e212747a4a163f5d9f5e468d1159e3ff9915cbc60a5bac6043f4771649a"
      }
    },
    "npm": {
      "@twind/core@1.1.3": {
        "integrity": "sha512-/B/aNFerMb2IeyjSJy3SJxqVxhrT77gBDknLMiZqXIRr4vNJqiuhx7KqUSRzDCwUmyGuogkamz+aOLzN6MeSLw==",
        "dependencies": {
          "csstype": "csstype@3.1.2"
        }
      },
      "@twind/preset-tailwind@1.1.4_@twind+core@1.1.3": {
        "integrity": "sha512-zv85wrP/DW4AxgWrLfH7kyGn/KJF3K04FMLVl2AjoxZGYdCaoZDkL8ma3hzaKQ+WGgBFRubuB/Ku2Rtv/wjzVw==",
        "dependencies": {
          "@twind/core": "@twind/core@1.1.3"
        }
      },
      "csstype@3.1.2": {
        "integrity": "sha512-I7K1Uu0MBPzaFKg4nI5Q7Vs2t+3gWWW648spaF+Rg7pI9ds18Ugn+lvg4SHczUdKlHI5LWBXyqfS8+DufyBsgQ==",
        "dependencies": {}
      },
      "dayjs@1.11.10": {
        "integrity": "sha512-vjAczensTgRcqDERK0SR2XMwsF/tSvnvlv6VcF2GIhg6Sx4yOIt/irsr1RDJsKiIyBzJDpCoXiWWq28MqH2cnQ==",
        "dependencies": {}
      },
      "hono@3.9.0": {
        "integrity": "sha512-MSGmerYD69jwDkBa631lY7y3xtEwbKFg2huFZ0TruzCdfJlmPd/rFzyvmMheePKsiA7CZp/KqL3mflBOzEmjLA==",
        "dependencies": {}
      },
      "preact-render-to-string@6.2.2_preact@10.18.1": {
        "integrity": "sha512-YDfXQiVeYZutFR8/DpxLSbW3W6b7GgjBExRBxOOqcjrGq5rA9cziitQdNPMZe4RVMSdfBnf4hYqyeLs/KvtIuA==",
        "dependencies": {
          "preact": "preact@10.18.1",
          "pretty-format": "pretty-format@3.8.0"
        }
      },
      "preact@10.18.1": {
        "integrity": "sha512-mKUD7RRkQQM6s7Rkmi7IFkoEHjuFqRQUaXamO61E6Nn7vqF/bo7EZCmSyrUnp2UWHw0O7XjZ2eeXis+m7tf4lg==",
        "dependencies": {}
      },
      "pretty-format@3.8.0": {
        "integrity": "sha512-WuxUnVtlWL1OfZFQFuqvnvs6MiAGk9UNsBostyBOB0Is9wb5uRESevA6rnl/rkksXaGX3GzZhPup5d6Vp1nFew==",
        "dependencies": {}
      }
    }
  },
  "remote": {},
  "workspace": {
    "dependencies": [
      "jsr:@std/assert@^0.219.1",
      "jsr:@std/datetime@^0.219.1",
      "jsr:@std/dotenv@^0.219.1",
      "jsr:@std/http@^0.219.1",
      "jsr:@std/path@^0.219.1",
      "jsr:@webview/webview@^0.8.0",
      "npm:@twind/core@1.1.3",
      "npm:@twind/preset-tailwind@1.1.4",
      "npm:dayjs@1.11.10",
      "npm:hono@3.9.0",
      "npm:preact-render-to-string@6.2.2",
      "npm:preact@10.18.1"
    ]
  }
}
